
Microsoft Visual Studio Solution File, Format Version 12.00
# Visual Studio Version 17
VisualStudioVersion = 17.4.33213.308
MinimumVisualStudioVersion = 10.0.40219.1
Project("{FAE04EC0-301F-11D3-BF4B-00C04F79EFBC}") = "modul6_1302210014", "modul6_1302210014.csproj", "{BFD813E0-BD6B-466B-A7E4-601970D341EC}"
EndProject
Global
	GlobalSection(SolutionConfigurationPlatforms) = preSolution
		Debug|Any CPU = Debug|Any CPU
		Release|Any CPU = Release|Any CPU
	EndGlobalSection
	GlobalSection(ProjectConfigurationPlatforms) = postSolution
		{BFD813E0-BD6B-466B-A7E4-601970D341EC}.Debug|Any CPU.ActiveCfg = Debug|Any CPU
		{BFD813E0-BD6B-466B-A7E4-601970D341EC}.Debug|Any CPU.Build.0 = Debug|Any CPU
		{BFD813E0-BD6B-466B-A7E4-601970D341EC}.Release|Any CPU.ActiveCfg = Release|Any CPU
		{BFD813E0-BD6B-466B-A7E4-601970D341EC}.Release|Any CPU.Build.0 = Release|Any CPU
	EndGlobalSection
	GlobalSection(SolutionProperties) = preSolution
		HideSolutionNode = FALSE
	EndGlobalSection
	GlobalSection(ExtensibilityGlobals) = postSolution
		SolutionGuid = {368EADD2-9ABF-4A92-9244-A1F8E1BF8D82}
	EndGlobalSection
EndGlobal
